
Microsoft Visual Studio Solution File, Format Version 12.00
# Visual Studio Version 16
VisualStudioVersion = 16.0.30011.22
MinimumVisualStudioVersion = 10.0.40219.1
Project("{9A19103F-16F7-4668-BE54-9A1E7A4F7556}") = "aStonesAndDecorations", "aStonesAndDecorations\aStonesAndDecorations.csproj", "{B9D6BC34-296F-4B90-BB4A-34401F7BDACE}"
EndProject
Global
	GlobalSection(SolutionConfigurationPlatforms) = preSolution
		Debug|Any CPU = Debug|Any CPU
		Release|Any CPU = Release|Any CPU
	EndGlobalSection
	GlobalSection(ProjectConfigurationPlatforms) = postSolution
		{B9D6BC34-296F-4B90-BB4A-34401F7BDACE}.Debug|Any CPU.ActiveCfg = Debug|Any CPU
		{B9D6BC34-296F-4B90-BB4A-34401F7BDACE}.Debug|Any CPU.Build.0 = Debug|Any CPU
		{B9D6BC34-296F-4B90-BB4A-34401F7BDACE}.Release|Any CPU.ActiveCfg = Release|Any CPU
		{B9D6BC34-296F-4B90-BB4A-34401F7BDACE}.Release|Any CPU.Build.0 = Release|Any CPU
	EndGlobalSection
	GlobalSection(SolutionProperties) = preSolution
		HideSolutionNode = FALSE
	EndGlobalSection
	GlobalSection(ExtensibilityGlobals) = postSolution
		SolutionGuid = {0607414A-A34A-43F8-B14D-E8F6C9287B80}
	EndGlobalSection
EndGlobal
